{
    "name": "foobubble",
    "version": "0.0.1",
    "lockfileVersion": 1,
    "requires": true,
    "dependencies": {
        "active-x-obfuscator": {
            "version": "0.0.1",
            "resolved": "https://registry.npmjs.org/active-x-obfuscator/-/active-x-obfuscator-0.0.1.tgz",
            "integrity": "sha1-CJuJs3FF/x2ex0r2UwvlUmyuHxo=",
            "requires": {
                "zeparser": "0.0.5"
            }
        },
        "base64id": {
            "version": "0.1.0",
            "resolved": "https://registry.npmjs.org/base64id/-/base64id-0.1.0.tgz",
            "integrity": "sha1-As4P3u4M709ACA4ec+g08LG/zj8="
        },
        "batch": {
            "version": "0.5.0",
            "resolved": "https://registry.npmjs.org/batch/-/batch-0.5.0.tgz",
            "integrity": "sha1-/S4Fp6XWlrTbkxQBPihdj/NVfsM="
        },
        "buffer-crc32": {
            "version": "0.2.1",
            "resolved": "https://registry.npmjs.org/buffer-crc32/-/buffer-crc32-0.2.1.tgz",
            "integrity": "sha1-vj5TgvwCttYySVasGvmKqYsIU0w="
        },
        "bytes": {
            "version": "0.2.1",
            "resolved": "https://registry.npmjs.org/bytes/-/bytes-0.2.1.tgz",
            "integrity": "sha1-VVsIq8sGP4l1kFMCUj5M1P/f3zE="
        },
        "colors": {
            "version": "1.1.2",
            "resolved": "https://registry.npmjs.org/colors/-/colors-1.1.2.tgz",
            "integrity": "sha1-FopHAXVran9RoSzgyXv6KMCE7WM="
        },
        "commander": {
            "version": "1.3.2",
            "resolved": "https://registry.npmjs.org/commander/-/commander-1.3.2.tgz",
            "integrity": "sha1-io8w7GcKb91kr1LxkUuQfXnq1bU=",
            "requires": {
                "keypress": "0.1.0"
            }
        },
        "connect": {
            "version": "2.12.0",
            "resolved": "https://registry.npmjs.org/connect/-/connect-2.12.0.tgz",
            "integrity": "sha1-Mdj6DcrN8ZCNgivSkjvootKn7Zo=",
            "requires": {
                "batch": "0.5.0",
                "buffer-crc32": "0.2.1",
                "bytes": "0.2.1",
                "cookie": "0.1.0",
                "cookie-signature": "1.0.1",
                "debug": "0.8.1",
                "fresh": "0.2.0",
                "methods": "0.1.0",
                "multiparty": "2.2.0",
                "negotiator": "0.3.0",
                "pause": "0.0.1",
                "qs": "0.6.6",
                "raw-body": "1.1.2",
                "send": "0.1.4",
                "uid2": "0.0.3"
            }
        },
        "cookie": {
            "version": "0.1.0",
            "resolved": "https://registry.npmjs.org/cookie/-/cookie-0.1.0.tgz",
            "integrity": "sha1-kOtGndzpBchm3mh+/EMTHYgB+dA="
        },
        "cookie-signature": {
            "version": "1.0.1",
            "resolved": "https://registry.npmjs.org/cookie-signature/-/cookie-signature-1.0.1.tgz",
            "integrity": "sha1-ROByFIrwHm6OJK+/EmkNaK5pjss="
        },
        "core-util-is": {
            "version": "1.0.2",
            "resolved": "https://registry.npmjs.org/core-util-is/-/core-util-is-1.0.2.tgz",
            "integrity": "sha1-tf1UIgqivFq1eqtxQMlAdUUDwac="
        },
        "debug": {
            "version": "0.8.1",
            "resolved": "https://registry.npmjs.org/debug/-/debug-0.8.1.tgz",
            "integrity": "sha1-IP9NJvXkIstoobrLu2EDmtjBwTA="
        },
        "ejs": {
            "version": "1.0.0",
            "resolved": "https://registry.npmjs.org/ejs/-/ejs-1.0.0.tgz",
            "integrity": "sha1-ycYKSKRu5FL7MqccMXuV5aofyz0="
        },
        "express": {
            "version": "3.4.8",
            "resolved": "https://registry.npmjs.org/express/-/express-3.4.8.tgz",
            "integrity": "sha1-qnqJht4HBTM39Lxe2aZFPZzI4uE=",
            "requires": {
                "buffer-crc32": "0.2.1",
                "commander": "1.3.2",
                "connect": "2.12.0",
                "cookie": "0.1.0",
                "cookie-signature": "1.0.1",
                "debug": "0.8.1",
                "fresh": "0.2.0",
                "merge-descriptors": "0.0.1",
                "methods": "0.1.0",
                "mkdirp": "0.3.5",
                "range-parser": "0.0.4",
                "send": "0.1.4"
            }
        },
        "fresh": {
            "version": "0.2.0",
            "resolved": "https://registry.npmjs.org/fresh/-/fresh-0.2.0.tgz",
            "integrity": "sha1-v9lALPPfEsSkwxDHn5mj3eE9NKc="
        },
        "inherits": {
            "version": "2.0.3",
            "resolved": "https://registry.npmjs.org/inherits/-/inherits-2.0.3.tgz",
            "integrity": "sha1-Yzwsg+PaQqUC9SRmAiSA9CCCYd4="
        },
        "isarray": {
            "version": "0.0.1",
            "resolved": "https://registry.npmjs.org/isarray/-/isarray-0.0.1.tgz",
            "integrity": "sha1-ihis/Kmo9Bd+Cav8YDiTmwXR7t8="
        },
        "keypress": {
            "version": "0.1.0",
            "resolved": "https://registry.npmjs.org/keypress/-/keypress-0.1.0.tgz",
            "integrity": "sha1-SjGI1CkbZrT2XtuZ+AaqmuKTWSo="
        },
        "merge-descriptors": {
            "version": "0.0.1",
            "resolved": "https://registry.npmjs.org/merge-descriptors/-/merge-descriptors-0.0.1.tgz",
            "integrity": "sha1-L/CYDJJM+B0LXR+2ARd8uLtWwNA="
        },
        "methods": {
            "version": "0.1.0",
            "resolved": "https://registry.npmjs.org/methods/-/methods-0.1.0.tgz",
            "integrity": "sha1-M11Cnu/SG3us8unJIqjSvRSjDk8="
        },
        "mime": {
            "version": "1.2.11",
            "resolved": "https://registry.npmjs.org/mime/-/mime-1.2.11.tgz",
            "integrity": "sha1-WCA+7Ybjpe8XrtK32evUfwpg3RA="
        },
        "minimist": {
            "version": "0.0.10",
            "resolved": "https://registry.npmjs.org/minimist/-/minimist-0.0.10.tgz",
            "integrity": "sha1-3j+YVD2/lggr5IrRoMfNqDYwHc8="
        },
        "mkdirp": {
            "version": "0.3.5",
            "resolved": "https://registry.npmjs.org/mkdirp/-/mkdirp-0.3.5.tgz",
            "integrity": "sha1-3j5fiWHIjHh+4TaN+EmsRBPsqNc="
        },
        "multiparty": {
            "version": "2.2.0",
            "resolved": "https://registry.npmjs.org/multiparty/-/multiparty-2.2.0.tgz",
            "integrity": "sha1-pWfCrwAK0i3I8qZT2Rl4rh9TFvQ=",
            "requires": {
                "readable-stream": "1.1.14",
                "stream-counter": "0.2.0"
            }
        },
        "nan": {
            "version": "1.0.0",
            "resolved": "https://registry.npmjs.org/nan/-/nan-1.0.0.tgz",
            "integrity": "sha1-riT4hQgY1mL8q1rPfzuVv6oszzg="
        },
        "negotiator": {
            "version": "0.3.0",
            "resolved": "https://registry.npmjs.org/negotiator/-/negotiator-0.3.0.tgz",
            "integrity": "sha1-cG1pLv7d9XTVfqn7GriaT6fuj2A="
        },
        "node-static": {
            "version": "0.7.10",
            "resolved": "https://registry.npmjs.org/node-static/-/node-static-0.7.10.tgz",
            "integrity": "sha512-bd7zO5hvCWzdglgwz9t82T4mYTEUzEG5pXnSqEzitvmEacusbhl8/VwuCbMaYR9g2PNK5191yBtAEQLJEmQh1A==",
            "requires": {
                "colors": "1.1.2",
                "mime": "1.2.11",
                "optimist": "0.6.1"
            }
        },
        "optimist": {
            "version": "0.6.1",
            "resolved": "https://registry.npmjs.org/optimist/-/optimist-0.6.1.tgz",
            "integrity": "sha1-2j6nRob6IaGaERwybpDrFaAZZoY=",
            "requires": {
                "minimist": "0.0.10",
                "wordwrap": "0.0.3"
            }
        },
        "options": {
            "version": "0.0.6",
            "resolved": "https://registry.npmjs.org/options/-/options-0.0.6.tgz",
            "integrity": "sha1-7CLTEoBrtT5zF3Pnza788cZDEo8="
        },
        "pause": {
            "version": "0.0.1",
            "resolved": "https://registry.npmjs.org/pause/-/pause-0.0.1.tgz",
            "integrity": "sha1-HUCLP9t2kjuVQ9lvtMnf1TXZy10="
        },
        "policyfile": {
            "version": "0.0.4",
            "resolved": "https://registry.npmjs.org/policyfile/-/policyfile-0.0.4.tgz",
            "integrity": "sha1-1rgurZiueeviKOLa9ZAzEeyYLk0="
        },
        "qs": {
            "version": "0.6.6",
            "resolved": "https://registry.npmjs.org/qs/-/qs-0.6.6.tgz",
            "integrity": "sha1-bgFQmP9RlouKPIGQAdXyyJvEsQc="
        },
        "range-parser": {
            "version": "0.0.4",
            "resolved": "https://registry.npmjs.org/range-parser/-/range-parser-0.0.4.tgz",
            "integrity": "sha1-wEJ//vUcEKy6B4KkbJYC50T/Ygs="
        },
        "raw-body": {
            "version": "1.1.2",
            "resolved": "https://registry.npmjs.org/raw-body/-/raw-body-1.1.2.tgz",
            "integrity": "sha1-x0swBN6l3v0WlhcRBqx0DsMdYr4=",
            "requires": {
                "bytes": "0.2.1"
            }
        },
        "readable-stream": {
            "version": "1.1.14",
            "resolved": "https://registry.npmjs.org/readable-stream/-/readable-stream-1.1.14.tgz",
            "integrity": "sha1-fPTFTvZI44EwhMY23SB54WbAgdk=",
            "requires": {
                "core-util-is": "1.0.2",
                "inherits": "2.0.3",
                "isarray": "0.0.1",
                "string_decoder": "0.10.31"
            }
        },
        "redis": {
            "version": "0.7.3",
            "resolved": "https://registry.npmjs.org/redis/-/redis-0.7.3.tgz",
            "integrity": "sha1-7le3pE0l7BWU5ENl2BZfp9HUgRo=",
            "optional": true
        },
        "rtcpeerconnection-shim": {
            "version": "1.2.1",
            "resolved": "https://registry.npmjs.org/rtcpeerconnection-shim/-/rtcpeerconnection-shim-1.2.1.tgz",
            "integrity": "sha512-1IsK2xj8yrxYfce1YpaI53KwMlwHfnAMx34DjPja9nUbmOlJe43L5ZlAuE5wh+SynyuuSZxoxhFoIlXPgXPEKA==",
            "requires": {
                "sdp": "2.5.0"
            }
        },
        "sdp": {
            "version": "2.5.0",
            "resolved": "https://registry.npmjs.org/sdp/-/sdp-2.5.0.tgz",
            "integrity": "sha512-4HT7gdxA+AZHl5LDdiLpagFKBS5qAKFYE71CPSNrr+2dCFg9iKXY4JSIhHKZHVnwJAzZ/4jA+z1nam4U+LoYug=="
        },
        "send": {
            "version": "0.1.4",
            "resolved": "https://registry.npmjs.org/send/-/send-0.1.4.tgz",
            "integrity": "sha1-vnDY0b4B3mGCGvE3gLUDRaT3Gr0=",
            "requires": {
                "debug": "0.8.1",
                "fresh": "0.2.0",
                "mime": "1.2.11",
                "range-parser": "0.0.4"
            }
        },
        "socket.io": {
            "version": "0.9.19",
            "resolved": "https://registry.npmjs.org/socket.io/-/socket.io-0.9.19.tgz",
            "integrity": "sha1-SQu1/Q3FTPAC7gTmf638Q7hIo48=",
            "requires": {
                "base64id": "0.1.0",
                "policyfile": "0.0.4",
                "redis": "0.7.3",
                "socket.io-client": "0.9.16"
            }
        },
        "socket.io-client": {
            "version": "0.9.16",
            "resolved": "https://registry.npmjs.org/socket.io-client/-/socket.io-client-0.9.16.tgz",
            "integrity": "sha1-TadRXF53MEHRtCOXBBW8xDDzX8Y=",
            "requires": {
                "active-x-obfuscator": "0.0.1",
                "uglify-js": "1.2.5",
                "ws": "0.4.32",
                "xmlhttprequest": "1.4.2"
            }
        },
        "stream-counter": {
            "version": "0.2.0",
            "resolved": "https://registry.npmjs.org/stream-counter/-/stream-counter-0.2.0.tgz",
            "integrity": "sha1-3tJmVWMZyLDiIoErnPOyb6fZR94=",
            "requires": {
                "readable-stream": "1.1.14"
            }
        },
        "string_decoder": {
            "version": "0.10.31",
            "resolved": "https://registry.npmjs.org/string_decoder/-/string_decoder-0.10.31.tgz",
            "integrity": "sha1-YuIDvEF2bGwoyfyEMB2rHFMQ+pQ="
        },
        "tinycolor": {
            "version": "0.0.1",
            "resolved": "https://registry.npmjs.org/tinycolor/-/tinycolor-0.0.1.tgz",
            "integrity": "sha1-MgtaUtg6u1l42Bo+iH1K77FaYWQ="
        },
        "uglify-js": {
            "version": "1.2.5",
            "resolved": "https://registry.npmjs.org/uglify-js/-/uglify-js-1.2.5.tgz",
            "integrity": "sha1-tULCx29477NLIAsgF3Y0Mw/3ArY="
        },
        "uid2": {
            "version": "0.0.3",
            "resolved": "https://registry.npmjs.org/uid2/-/uid2-0.0.3.tgz",
            "integrity": "sha1-SDEm4Rd03y9xuLY53NeZw3YWK4I="
        },
        "webrtc-adapter": {
            "version": "6.0.2",
            "resolved": "https://registry.npmjs.org/webrtc-adapter/-/webrtc-adapter-6.0.2.tgz",
            "integrity": "sha512-S406EZVgwfi+iW38q3AAK7fina/xBP4mBfGNG/LeUZMV1ny6BYa2trLrjUTa79bvJWEQtRHQ+4CmoVzIIwvQPg==",
            "requires": {
                "rtcpeerconnection-shim": "1.2.1",
                "sdp": "2.5.0"
            }
        },
        "wordwrap": {
            "version": "0.0.3",
            "resolved": "https://registry.npmjs.org/wordwrap/-/wordwrap-0.0.3.tgz",
            "integrity": "sha1-o9XabNXAvAAI03I0u68b7WMFkQc="
        },
        "ws": {
            "version": "0.4.32",
            "resolved": "https://registry.npmjs.org/ws/-/ws-0.4.32.tgz",
            "integrity": "sha1-eHphVEFPPJntg8V3IVOyD+sM7DI=",
            "requires": {
                "commander": "2.1.0",
                "nan": "1.0.0",
                "options": "0.0.6",
                "tinycolor": "0.0.1"
            },
            "dependencies": {
                "commander": {
                    "version": "2.1.0",
                    "resolved": "https://registry.npmjs.org/commander/-/commander-2.1.0.tgz",
                    "integrity": "sha1-0SG7roYNmZKj1Re6lvVliOR8Z4E="
                }
            }
        },
        "xmlhttprequest": {
            "version": "1.4.2",
            "resolved": "https://registry.npmjs.org/xmlhttprequest/-/xmlhttprequest-1.4.2.tgz",
            "integrity": "sha1-AUU6HZvtHo8XL2SVu/TIxCYyFQA="
        },
        "zeparser": {
            "version": "0.0.5",
            "resolved": "https://registry.npmjs.org/zeparser/-/zeparser-0.0.5.tgz",
            "integrity": "sha1-A3JlYbwmjy5URPVMZlt/1KjAKeI="
        }
    }
}
